<?xml version="1.0" encoding="utf-8"?>
<Project ToolsVersion="4.0" xmlns="http://schemas.microsoft.com/developer/msbuild/2003">
  <ItemGroup>
    <Filter Include="Source Files">
      <UniqueIdentifier>{4FC737F1-C7A5-4376-A066-2A32D752A2FF}</UniqueIdentifier>
      <Extensions>cpp;c;cc;cxx;c++;cppm;ixx;def;odl;idl;hpj;bat;asm;asmx</Extensions>
    </Filter>
    <Filter Include="Header Files">
      <UniqueIdentifier>{93995380-89BD-4b04-88EB-625FBE52EBFB}</UniqueIdentifier>
      <Extensions>h;hh;hpp;hxx;h++;hm;inl;inc;ipp;xsd</Extensions>
    </Filter>
    <Filter Include="Resource Files">
      <UniqueIdentifier>{67DA6AB6-F800-4c08-8B7A-83BB121AAD01}</UniqueIdentifier>
      <Extensions>rc;ico;cur;bmp;dlg;rc2;rct;bin;rgs;gif;jpg;jpeg;jpe;resx;tiff;tif;png;wav;mfcribbon-ms</Extensions>
    </Filter>
    <Filter Include="Source Files\imgui">
      <UniqueIdentifier>{5ea37124-aac3-4727-b903-b97350f175a5}</UniqueIdentifier>
    </Filter>
    <Filter Include="Header Files\imgui">
      <UniqueIdentifier>{c737d54c-013b-422b-b108-574237b396b3}</UniqueIdentifier>
    </Filter>
    <Filter Include="Header Files\Player">
      <UniqueIdentifier>{44126fbe-5e1e-4ef5-804f-dd0f9a07ffe6}</UniqueIdentifier>
    </Filter>
    <Filter Include="Header Files\Player\UI_Manager">
      <UniqueIdentifier>{b6996dc1-d945-4802-a75a-28045c3a8f16}</UniqueIdentifier>
    </Filter>
    <Filter Include="Source Files\Player">
      <UniqueIdentifier>{b8fe59bf-56d8-4ed9-b544-d79f22574b84}</UniqueIdentifier>
    </Filter>
    <Filter Include="Source Files\Player\UI_Manager">
      <UniqueIdentifier>{c6c57631-644f-458d-ad44-63ecc50675f9}</UniqueIdentifier>
    </Filter>
    <Filter Include="Source Files\Weather">
      <UniqueIdentifier>{4435918f-5d1b-45e7-92a1-ce6eb7543522}</UniqueIdentifier>
    </Filter>
    <Filter Include="Header Files\Weather">
      <UniqueIdentifier>{191a7cc0-4199-4b17-bb4e-0ab2a83a0af8}</UniqueIdentifier>
    </Filter>
  </ItemGroup>
  <ItemGroup>
    <ClCompile Include="Lab_4.cpp">
      <Filter>Source Files</Filter>
    </ClCompile>
    <ClCompile Include="glad.c">
      <Filter>Source Files</Filter>
    </ClCompile>
    <ClCompile Include="Window.cpp">
      <Filter>Source Files</Filter>
    </ClCompile>
    <ClCompile Include="LabEngine.cpp">
      <Filter>Source Files</Filter>
    </ClCompile>
    <ClCompile Include="stb_image_implementation.cpp">
      <Filter>Source Files</Filter>
    </ClCompile>
    <ClCompile Include="Terrain.cpp">
      <Filter>Source Files</Filter>
    </ClCompile>
    <ClCompile Include="test_cube.cpp">
      <Filter>Source Files</Filter>
    </ClCompile>
    <ClCompile Include="imgui.cpp">
      <Filter>Source Files\imgui</Filter>
    </ClCompile>
    <ClCompile Include="imgui_demo.cpp">
      <Filter>Source Files\imgui</Filter>
    </ClCompile>
    <ClCompile Include="imgui_draw.cpp">
      <Filter>Source Files\imgui</Filter>
    </ClCompile>
    <ClCompile Include="imgui_impl_glfw.cpp">
      <Filter>Source Files\imgui</Filter>
    </ClCompile>
    <ClCompile Include="imgui_impl_opengl3.cpp">
      <Filter>Source Files\imgui</Filter>
    </ClCompile>
    <ClCompile Include="imgui_tables.cpp">
      <Filter>Source Files\imgui</Filter>
    </ClCompile>
    <ClCompile Include="imgui_widgets.cpp">
      <Filter>Source Files\imgui</Filter>
    </ClCompile>
    <ClCompile Include="EngGUI.cpp">
      <Filter>Source Files</Filter>
    </ClCompile>
    <ClCompile Include="NPC.cpp">
      <Filter>Source Files</Filter>
    </ClCompile>
    <ClCompile Include="Keyboard_Input.cpp">
      <Filter>Source Files\Player\UI_Manager</Filter>
    </ClCompile>
    <ClCompile Include="UI_Manager.cpp">
      <Filter>Source Files\Player\UI_Manager</Filter>
    </ClCompile>
    <ClCompile Include="MovementKeys.cpp">
      <Filter>Source Files\Player</Filter>
    </ClCompile>
    <ClCompile Include="Camera.cpp">
      <Filter>Source Files</Filter>
    </ClCompile>
    <ClCompile Include="Mouse_Input.cpp">
      <Filter>Source Files\Player\UI_Manager</Filter>
    </ClCompile>
    <ClCompile Include="ModelController.cpp">
      <Filter>Source Files\Player\UI_Manager</Filter>
    </ClCompile>
    <ClCompile Include="SpecialKeys.cpp">
      <Filter>Source Files\Player\UI_Manager</Filter>
    </ClCompile>
    <ClCompile Include="Rain.cpp">
      <Filter>Source Files\Weather</Filter>
    </ClCompile>
    <ClCompile Include="Model.cpp">
      <Filter>Source Files</Filter>
    </ClCompile>
  </ItemGroup>
  <ItemGroup>
    <None Include="shaders\fragmentShader.shader" />
    <None Include="shaders\vertexShader.shader" />
    <None Include="shaders\fragmentShader_terrain.shader" />
    <None Include="shaders\vertexShader_terrain.shader" />
    <None Include="shaders\light_fs.shader" />
    <None Include="shaders\light_vs.shader" />
    <None Include="assimp-vc142-mtd.dll" />
    <None Include="freeglutd.dll" />
    <None Include="height128.raw" />
    <None Include="models\backpack\backpack.mtl" />
    <None Include="models\shrek\scene.bin">
      <Filter>Resource Files</Filter>
    </None>
    <None Include="models\shrek\scene.gltf" />
    <None Include="lua-5.4.4.dll" />
    <None Include="lua54.dll" />
    <None Include="Lua\NPC.lua" />
    <None Include="Lua\testBox.lua" />
    <None Include="shaders\md2_frag.shader" />
    <None Include="shaders\md2_vert.shader" />
  </ItemGroup>
  <ItemGroup>
    <ClInclude Include="Window.h">
      <Filter>Header Files</Filter>
    </ClInclude>
    <ClInclude Include="LabEngine.h">
      <Filter>Header Files</Filter>
    </ClInclude>
    <ClInclude Include="stb_image.h">
      <Filter>Header Files</Filter>
    </ClInclude>
    <ClInclude Include="Shader.h">
      <Filter>Header Files</Filter>
    </ClInclude>
    <ClInclude Include="Texture.h">
      <Filter>Header Files</Filter>
    </ClInclude>
    <ClInclude Include="Camera.h">
      <Filter>Header Files</Filter>
    </ClInclude>
    <ClInclude Include="test_cube.h">
      <Filter>Header Files</Filter>
    </ClInclude>
    <ClInclude Include="Terrain.h">
      <Filter>Header Files</Filter>
    </ClInclude>
    <ClInclude Include="Graphics.h">
      <Filter>Header Files</Filter>
    </ClInclude>
    <ClInclude Include="Mesh.h">
      <Filter>Header Files</Filter>
    </ClInclude>
    <ClInclude Include="Model.h">
      <Filter>Header Files</Filter>
    </ClInclude>
    <ClInclude Include="GameObject.h">
      <Filter>Header Files</Filter>
    </ClInclude>
    <ClInclude Include="imconfig.h">
      <Filter>Header Files</Filter>
    </ClInclude>
    <ClInclude Include="imstb_truetype.h">
      <Filter>Header Files\imgui</Filter>
    </ClInclude>
    <ClInclude Include="imgui.h">
      <Filter>Header Files\imgui</Filter>
    </ClInclude>
    <ClInclude Include="imgui_impl_glfw.h">
      <Filter>Header Files\imgui</Filter>
    </ClInclude>
    <ClInclude Include="imgui_impl_opengl3.h">
      <Filter>Header Files\imgui</Filter>
    </ClInclude>
    <ClInclude Include="imgui_impl_opengl3_loader.h">
      <Filter>Header Files\imgui</Filter>
    </ClInclude>
    <ClInclude Include="imgui_internal.h">
      <Filter>Header Files\imgui</Filter>
    </ClInclude>
    <ClInclude Include="imstb_rectpack.h">
      <Filter>Header Files\imgui</Filter>
    </ClInclude>
    <ClInclude Include="imstb_textedit.h">
      <Filter>Header Files\imgui</Filter>
    </ClInclude>
    <ClInclude Include="EngGUI.h">
      <Filter>Header Files</Filter>
    </ClInclude>
    <ClInclude Include="NPC.h">
      <Filter>Header Files</Filter>
    </ClInclude>
    <ClInclude Include="assert.hpp">
      <Filter>Header Files</Filter>
    </ClInclude>
    <ClInclude Include="md2_test.h">
      <Filter>Header Files</Filter>
    </ClInclude>
    <ClInclude Include="Keyboard_Input.h">
      <Filter>Header Files\Player\UI_Manager</Filter>
    </ClInclude>
    <ClInclude Include="UI_Manager.h">
      <Filter>Header Files\Player\UI_Manager</Filter>
    </ClInclude>
    <ClInclude Include="SpecialKeys.h">
      <Filter>Header Files\Player\UI_Manager</Filter>
    </ClInclude>
    <ClInclude Include="ModelController.h">
      <Filter>Header Files\Player\UI_Manager</Filter>
    </ClInclude>
    <ClInclude Include="Mouse_Input.h">
      <Filter>Header Files\Player\UI_Manager</Filter>
    </ClInclude>
    <ClInclude Include="MovementKeys.h">
      <Filter>Header Files\Player</Filter>
    </ClInclude>
    <ClInclude Include="Rain.h">
      <Filter>Header Files\Weather</Filter>
    </ClInclude>
    <ClInclude Include="Particle.h">
      <Filter>Header Files\Weather</Filter>
    </ClInclude>
    <ClInclude Include="TinyObjLoader.h">
      <Filter>Header Files</Filter>
    </ClInclude>
  </ItemGroup>
  <ItemGroup>
    <Image Include="container.jpg">
      <Filter>Resource Files</Filter>
    </Image>
    <Image Include="awesomeface.png">
      <Filter>Resource Files</Filter>
    </Image>
    <Image Include="container2.png">
      <Filter>Resource Files</Filter>
    </Image>
    <Image Include="container2_specular.png">
      <Filter>Resource Files</Filter>
    </Image>
    <Image Include="grass.jpg">
      <Filter>Resource Files</Filter>
    </Image>
    <Image Include="pepe.png">
      <Filter>Resource Files</Filter>
    </Image>
    <Image Include="models\backpack\ao.jpg">
      <Filter>Resource Files</Filter>
    </Image>
    <Image Include="models\backpack\diffuse.jpg">
      <Filter>Resource Files</Filter>
    </Image>
    <Image Include="models\backpack\normal.png">
      <Filter>Resource Files</Filter>
    </Image>
    <Image Include="models\backpack\roughness.jpg">
      <Filter>Resource Files</Filter>
    </Image>
    <Image Include="models\backpack\specular.jpg">
      <Filter>Resource Files</Filter>
    </Image>
    <Image Include="group_photo.png">
      <Filter>Resource Files</Filter>
    </Image>
  </ItemGroup>
  <ItemGroup>
    <Text Include="models\backpack\source_attribution.txt" />
    <Text Include="models\shrek\license.txt" />
  </ItemGroup>
</Project>